// !$*UTF8*$!
{
	archiveVersion = 1;
	classes = {
	};
	objectVersion = 55;
	objects = {

/* Begin PBXBuildFile section */
		638950AE280D69B200E21EB6 /* FavoriteButton.swift in Sources */ = {isa = PBXBuildFile; fileRef = 638950AD280D69B200E21EB6 /* FavoriteButton.swift */; };
		63C5BD5428129707002A168B /* HexagonParametres.swift in Sources */ = {isa = PBXBuildFile; fileRef = 63C5BD5328129707002A168B /* HexagonParametres.swift */; };
		63C5BD56281297D0002A168B /* BadgeBackground.swift in Sources */ = {isa = PBXBuildFile; fileRef = 63C5BD55281297D0002A168B /* BadgeBackground.swift */; };
		63C5BD5828129A73002A168B /* BadgeSymbol.swift in Sources */ = {isa = PBXBuildFile; fileRef = 63C5BD5728129A73002A168B /* BadgeSymbol.swift */; };
		63C5BD5A28129AF1002A168B /* RotatedBadgeSymbol.swift in Sources */ = {isa = PBXBuildFile; fileRef = 63C5BD5928129AF1002A168B /* RotatedBadgeSymbol.swift */; };
		63C5BD5C28129B7D002A168B /* Badge.swift in Sources */ = {isa = PBXBuildFile; fileRef = 63C5BD5B28129B7D002A168B /* Badge.swift */; };
		63E30A162736885F0094C222 /* LandMarksApp.swift in Sources */ = {isa = PBXBuildFile; fileRef = 63E30A152736885F0094C222 /* LandMarksApp.swift */; };
		63E30A182736885F0094C222 /* ContentView.swift in Sources */ = {isa = PBXBuildFile; fileRef = 63E30A172736885F0094C222 /* ContentView.swift */; };
		63E30A1A273688610094C222 /* Assets.xcassets in Resources */ = {isa = PBXBuildFile; fileRef = 63E30A19273688610094C222 /* Assets.xcassets */; };
		63E30A1D273688610094C222 /* Preview Assets.xcassets in Resources */ = {isa = PBXBuildFile; fileRef = 63E30A1C273688610094C222 /* Preview Assets.xcassets */; };
		63E30A2427368B2E0094C222 /* CircleImage.swift in Sources */ = {isa = PBXBuildFile; fileRef = 63E30A2327368B2E0094C222 /* CircleImage.swift */; };
		63E30A262736A0000094C222 /* MapView.swift in Sources */ = {isa = PBXBuildFile; fileRef = 63E30A252736A0000094C222 /* MapView.swift */; };
		63E30A282736A4370094C222 /* landmarkData.json in Resources */ = {isa = PBXBuildFile; fileRef = 63E30A272736A4370094C222 /* landmarkData.json */; };
		63E30A2A2736A45B0094C222 /* Landmark.swift in Sources */ = {isa = PBXBuildFile; fileRef = 63E30A292736A45B0094C222 /* Landmark.swift */; };
		63E30A2C2736A5AB0094C222 /* ModelData.swift in Sources */ = {isa = PBXBuildFile; fileRef = 63E30A2B2736A5AB0094C222 /* ModelData.swift */; };
		63E30A362736A7E10094C222 /* LandmarkRow.swift in Sources */ = {isa = PBXBuildFile; fileRef = 63E30A352736A7E10094C222 /* LandmarkRow.swift */; };
		63E30A382736A92B0094C222 /* LandmarkList.swift in Sources */ = {isa = PBXBuildFile; fileRef = 63E30A372736A92B0094C222 /* LandmarkList.swift */; };
		63E30A3A2736AA4D0094C222 /* LandmarkDetail.swift in Sources */ = {isa = PBXBuildFile; fileRef = 63E30A392736AA4D0094C222 /* LandmarkDetail.swift */; };
/* End PBXBuildFile section */

/* Begin PBXFileReference section */
		638950AD280D69B200E21EB6 /* FavoriteButton.swift */ = {isa = PBXFileReference; lastKnownFileType = sourcecode.swift; path = FavoriteButton.swift; sourceTree = "<group>"; };
		63C5BD5328129707002A168B /* HexagonParametres.swift */ = {isa = PBXFileReference; lastKnownFileType = sourcecode.swift; path = HexagonParametres.swift; sourceTree = "<group>"; };
		63C5BD55281297D0002A168B /* BadgeBackground.swift */ = {isa = PBXFileReference; lastKnownFileType = sourcecode.swift; path = BadgeBackground.swift; sourceTree = "<group>"; };
		63C5BD5728129A73002A168B /* BadgeSymbol.swift */ = {isa = PBXFileReference; lastKnownFileType = sourcecode.swift; path = BadgeSymbol.swift; sourceTree = "<group>"; };
		63C5BD5928129AF1002A168B /* RotatedBadgeSymbol.swift */ = {isa = PBXFileReference; lastKnownFileType = sourcecode.swift; path = RotatedBadgeSymbol.swift; sourceTree = "<group>"; };
		63C5BD5B28129B7D002A168B /* Badge.swift */ = {isa = PBXFileReference; lastKnownFileType = sourcecode.swift; path = Badge.swift; sourceTree = "<group>"; };
		63E30A122736885F0094C222 /* LandMarks.app */ = {isa = PBXFileReference; explicitFileType = wrapper.application; includeInIndex = 0; path = LandMarks.app; sourceTree = BUILT_PRODUCTS_DIR; };
		63E30A152736885F0094C222 /* LandMarksApp.swift */ = {isa = PBXFileReference; lastKnownFileType = sourcecode.swift; path = LandMarksApp.swift; sourceTree = "<group>"; };
		63E30A172736885F0094C222 /* ContentView.swift */ = {isa = PBXFileReference; lastKnownFileType = sourcecode.swift; path = ContentView.swift; sourceTree = "<group>"; };
		63E30A19273688610094C222 /* Assets.xcassets */ = {isa = PBXFileReference; lastKnownFileType = folder.assetcatalog; path = Assets.xcassets; sourceTree = "<group>"; };
		63E30A1C273688610094C222 /* Preview Assets.xcassets */ = {isa = PBXFileReference; lastKnownFileType = folder.assetcatalog; path = "Preview Assets.xcassets"; sourceTree = "<group>"; };
		63E30A2327368B2E0094C222 /* CircleImage.swift */ = {isa = PBXFileReference; lastKnownFileType = sourcecode.swift; path = CircleImage.swift; sourceTree = "<group>"; };
		63E30A252736A0000094C222 /* MapView.swift */ = {isa = PBXFileReference; lastKnownFileType = sourcecode.swift; path = MapView.swift; sourceTree = "<group>"; };
		63E30A272736A4370094C222 /* landmarkData.json */ = {isa = PBXFileReference; fileEncoding = 4; lastKnownFileType = text.json; path = landmarkData.json; sourceTree = "<group>"; };
		63E30A292736A45B0094C222 /* Landmark.swift */ = {isa = PBXFileReference; lastKnownFileType = sourcecode.swift; path = Landmark.swift; sourceTree = "<group>"; };
		63E30A2B2736A5AB0094C222 /* ModelData.swift */ = {isa = PBXFileReference; lastKnownFileType = sourcecode.swift; path = ModelData.swift; sourceTree = "<group>"; };
		63E30A352736A7E10094C222 /* LandmarkRow.swift */ = {isa = PBXFileReference; lastKnownFileType = sourcecode.swift; path = LandmarkRow.swift; sourceTree = "<group>"; };
		63E30A372736A92B0094C222 /* LandmarkList.swift */ = {isa = PBXFileReference; lastKnownFileType = sourcecode.swift; path = LandmarkList.swift; sourceTree = "<group>"; };
		63E30A392736AA4D0094C222 /* LandmarkDetail.swift */ = {isa = PBXFileReference; lastKnownFileType = sourcecode.swift; path = LandmarkDetail.swift; sourceTree = "<group>"; };
/* End PBXFileReference section */

/* Begin PBXFrameworksBuildPhase section */
		63E30A0F2736885F0094C222 /* Frameworks */ = {
			isa = PBXFrameworksBuildPhase;
			buildActionMask = 2147483647;
			files = (
			);
			runOnlyForDeploymentPostprocessing = 0;
		};
/* End PBXFrameworksBuildPhase section */

/* Begin PBXGroup section */
		638950AF280D6A8400E21EB6 /* Landmarks */ = {
			isa = PBXGroup;
			children = (
				63E30A372736A92B0094C222 /* LandmarkList.swift */,
				63E30A392736AA4D0094C222 /* LandmarkDetail.swift */,
				63E30A352736A7E10094C222 /* LandmarkRow.swift */,
			);
			path = Landmarks;
			sourceTree = "<group>";
		};
		638950B0280D6AA100E21EB6 /* Helpers */ = {
			isa = PBXGroup;
			children = (
				63E30A2327368B2E0094C222 /* CircleImage.swift */,
				63E30A252736A0000094C222 /* MapView.swift */,
				638950AD280D69B200E21EB6 /* FavoriteButton.swift */,
			);
			path = Helpers;
			sourceTree = "<group>";
		};
		63C5BD5D28129B95002A168B /* Badges */ = {
			isa = PBXGroup;
			children = (
				63C5BD5328129707002A168B /* HexagonParametres.swift */,
				63C5BD55281297D0002A168B /* BadgeBackground.swift */,
				63C5BD5728129A73002A168B /* BadgeSymbol.swift */,
				63C5BD5928129AF1002A168B /* RotatedBadgeSymbol.swift */,
				63C5BD5B28129B7D002A168B /* Badge.swift */,
			);
			path = Badges;
			sourceTree = "<group>";
		};
		63E30A092736885F0094C222 = {
			isa = PBXGroup;
			children = (
				63E30A142736885F0094C222 /* LandMarks */,
				63E30A132736885F0094C222 /* Products */,
			);
			sourceTree = "<group>";
		};
		63E30A132736885F0094C222 /* Products */ = {
			isa = PBXGroup;
			children = (
				63E30A122736885F0094C222 /* LandMarks.app */,
			);
			name = Products;
			sourceTree = "<group>";
		};
		63E30A142736885F0094C222 /* LandMarks */ = {
			isa = PBXGroup;
			children = (
				63E30A152736885F0094C222 /* LandMarksApp.swift */,
				63E30A292736A45B0094C222 /* Landmark.swift */,
				63E30A302736A69D0094C222 /* Model */,
				63E30A2F2736A68C0094C222 /* Resources */,
				63E30A2D2736A6240094C222 /* Views */,
				63E30A19273688610094C222 /* Assets.xcassets */,
				63E30A1B273688610094C222 /* Preview Content */,
			);
			path = LandMarks;
			sourceTree = "<group>";
		};
		63E30A1B273688610094C222 /* Preview Content */ = {
			isa = PBXGroup;
			children = (
				63E30A1C273688610094C222 /* Preview Assets.xcassets */,
			);
			path = "Preview Content";
			sourceTree = "<group>";
		};
		63E30A2D2736A6240094C222 /* Views */ = {
			isa = PBXGroup;
			children = (
				63E30A172736885F0094C222 /* ContentView.swift */,
				63C5BD5D28129B95002A168B /* Badges */,
				638950B0280D6AA100E21EB6 /* Helpers */,
				638950AF280D6A8400E21EB6 /* Landmarks */,
			);
			path = Views;
			sourceTree = "<group>";
		};
		63E30A2F2736A68C0094C222 /* Resources */ = {
			isa = PBXGroup;
			children = (
				63E30A272736A4370094C222 /* landmarkData.json */,
			);
			path = Resources;
			sourceTree = "<group>";
		};
		63E30A302736A69D0094C222 /* Model */ = {
			isa = PBXGroup;
			children = (
				63E30A2B2736A5AB0094C222 /* ModelData.swift */,
			);
			path = Model;
			sourceTree = "<group>";
		};
/* End PBXGroup section */

/* Begin PBXNativeTarget section */
		63E30A112736885F0094C222 /* LandMarks */ = {
			isa = PBXNativeTarget;
			buildConfigurationList = 63E30A20273688610094C222 /* Build configuration list for PBXNativeTarget "LandMarks" */;
			buildPhases = (
				63E30A0E2736885F0094C222 /* Sources */,
				63E30A0F2736885F0094C222 /* Frameworks */,
				63E30A102736885F0094C222 /* Resources */,
			);
			buildRules = (
			);
			dependencies = (
			);
			name = LandMarks;
			productName = LandMarks;
			productReference = 63E30A122736885F0094C222 /* LandMarks.app */;
			productType = "com.apple.product-type.application";
		};
/* End PBXNativeTarget section */

/* Begin PBXProject section */
		63E30A0A2736885F0094C222 /* Project object */ = {
			isa = PBXProject;
			attributes = {
				BuildIndependentTargetsInParallel = 1;
				LastSwiftUpdateCheck = 1310;
				LastUpgradeCheck = 1310;
				TargetAttributes = {
					63E30A112736885F0094C222 = {
						CreatedOnToolsVersion = 13.1;
					};
				};
			};
			buildConfigurationList = 63E30A0D2736885F0094C222 /* Build configuration list for PBXProject "LandMarks" */;
			compatibilityVersion = "Xcode 13.0";
			developmentRegion = en;
			hasScannedForEncodings = 0;
			knownRegions = (
				en,
				Base,
			);
			mainGroup = 63E30A092736885F0094C222;
			productRefGroup = 63E30A132736885F0094C222 /* Products */;
			projectDirPath = "";
			projectRoot = "";
			targets = (
				63E30A112736885F0094C222 /* LandMarks */,
			);
		};
/* End PBXProject section */

/* Begin PBXResourcesBuildPhase section */
		63E30A102736885F0094C222 /* Resources */ = {
			isa = PBXResourcesBuildPhase;
			buildActionMask = 2147483647;
			files = (
				63E30A1D273688610094C222 /* Preview Assets.xcassets in Resources */,
				63E30A1A273688610094C222 /* Assets.xcassets in Resources */,
				63E30A282736A4370094C222 /* landmarkData.json in Resources */,
			);
			runOnlyForDeploymentPostprocessing = 0;
		};
/* End PBXResourcesBuildPhase section */

/* Begin PBXSourcesBuildPhase section */
		63E30A0E2736885F0094C222 /* Sources */ = {
			isa = PBXSourcesBuildPhase;
			buildActionMask = 2147483647;
			files = (
				63E30A182736885F0094C222 /* ContentView.swift in Sources */,
				63C5BD5C28129B7D002A168B /* Badge.swift in Sources */,
				63E30A262736A0000094C222 /* MapView.swift in Sources */,
				63E30A162736885F0094C222 /* LandMarksApp.swift in Sources */,
				638950AE280D69B200E21EB6 /* FavoriteButton.swift in Sources */,
				63C5BD5428129707002A168B /* HexagonParametres.swift in Sources */,
				63C5BD5A28129AF1002A168B /* RotatedBadgeSymbol.swift in Sources */,
				63C5BD5828129A73002A168B /* BadgeSymbol.swift in Sources */,
				63E30A382736A92B0094C222 /* LandmarkList.swift in Sources */,
				63E30A3A2736AA4D0094C222 /* LandmarkDetail.swift in Sources */,
				63C5BD56281297D0002A168B /* BadgeBackground.swift in Sources */,
				63E30A2427368B2E0094C222 /* CircleImage.swift in Sources */,
				63E30A2A2736A45B0094C222 /* Landmark.swift in Sources */,
				63E30A362736A7E10094C222 /* LandmarkRow.swift in Sources */,
				63E30A2C2736A5AB0094C222 /* ModelData.swift in Sources */,
			);
			runOnlyForDeploymentPostprocessing = 0;
		};
/* End PBXSourcesBuildPhase section */

/* Begin XCBuildConfiguration section */
		63E30A1E273688610094C222 /* Debug */ = {
			isa = XCBuildConfiguration;
			buildSettings = {
				ALWAYS_SEARCH_USER_PATHS = NO;
				CLANG_ANALYZER_NONNULL = YES;
				CLANG_ANALYZER_NUMBER_OBJECT_CONVERSION = YES_AGGRESSIVE;
				CLANG_CXX_LANGUAGE_STANDARD = "gnu++17";
				CLANG_CXX_LIBRARY = "libc++";
				CLANG_ENABLE_MODULES = YES;
				CLANG_ENABLE_OBJC_ARC = YES;
				CLANG_ENABLE_OBJC_WEAK = YES;
				CLANG_WARN_BLOCK_CAPTURE_AUTORELEASING = YES;
				CLANG_WARN_BOOL_CONVERSION = YES;
				CLANG_WARN_COMMA = YES;
				CLANG_WARN_CONSTANT_CONVERSION = YES;
				CLANG_WARN_DEPRECATED_OBJC_IMPLEMENTATIONS = YES;
				CLANG_WARN_DIRECT_OBJC_ISA_USAGE = YES_ERROR;
				CLANG_WARN_DOCUMENTATION_COMMENTS = YES;
				CLANG_WARN_EMPTY_BODY = YES;
				CLANG_WARN_ENUM_CONVERSION = YES;
				CLANG_WARN_INFINITE_RECURSION = YES;
				CLANG_WARN_INT_CONVERSION = YES;
				CLANG_WARN_NON_LITERAL_NULL_CONVERSION = YES;
				CLANG_WARN_OBJC_IMPLICIT_RETAIN_SELF = YES;
				CLANG_WARN_OBJC_LITERAL_CONVERSION = YES;
				CLANG_WARN_OBJC_ROOT_CLASS = YES_ERROR;
				CLANG_WARN_QUOTED_INCLUDE_IN_FRAMEWORK_HEADER = YES;
				CLANG_WARN_RANGE_LOOP_ANALYSIS = YES;
				CLANG_WARN_STRICT_PROTOTYPES = YES;
				CLANG_WARN_SUSPICIOUS_MOVE = YES;
				CLANG_WARN_UNGUARDED_AVAILABILITY = YES_AGGRESSIVE;
				CLANG_WARN_UNREACHABLE_CODE = YES;
				CLANG_WARN__DUPLICATE_METHOD_MATCH = YES;
				COPY_PHASE_STRIP = NO;
				DEBUG_INFORMATION_FORMAT = dwarf;
				ENABLE_STRICT_OBJC_MSGSEND = YES;
				ENABLE_TESTABILITY = YES;
				GCC_C_LANGUAGE_STANDARD = gnu11;
				GCC_DYNAMIC_NO_PIC = NO;
				GCC_NO_COMMON_BLOCKS = YES;
				GCC_OPTIMIZATION_LEVEL = 0;
				GCC_PREPROCESSOR_DEFINITIONS = (
					"DEBUG=1",
					"$(inherited)",
				);
				GCC_WARN_64_TO_32_BIT_CONVERSION = YES;
				GCC_WARN_ABOUT_RETURN_TYPE = YES_ERROR;
				GCC_WARN_UNDECLARED_SELECTOR = YES;
				GCC_WARN_UNINITIALIZED_AUTOS = YES_AGGRESSIVE;
				GCC_WARN_UNUSED_FUNCTION = YES;
				GCC_WARN_UNUSED_VARIABLE = YES;
				IPHONEOS_DEPLOYMENT_TARGET = 15.0;
				MTL_ENABLE_DEBUG_INFO = INCLUDE_SOURCE;
				MTL_FAST_MATH = YES;
				ONLY_ACTIVE_ARCH = YES;
				SDKROOT = iphoneos;
				SWIFT_ACTIVE_COMPILATION_CONDITIONS = DEBUG;
				SWIFT_OPTIMIZATION_LEVEL = "-Onone";
			};
			name = Debug;
		};
		63E30A1F273688610094C222 /* Release */ = {
			isa = XCBuildConfiguration;
			buildSettings = {
				ALWAYS_SEARCH_USER_PATHS = NO;
				CLANG_ANALYZER_NONNULL = YES;
				CLANG_ANALYZER_NUMBER_OBJECT_CONVERSION = YES_AGGRESSIVE;
				CLANG_CXX_LANGUAGE_STANDARD = "gnu++17";
				CLANG_CXX_LIBRARY = "libc++";
				CLANG_ENABLE_MODULES = YES;
				CLANG_ENABLE_OBJC_ARC = YES;
				CLANG_ENABLE_OBJC_WEAK = YES;
				CLANG_WARN_BLOCK_CAPTURE_AUTORELEASING = YES;
				CLANG_WARN_BOOL_CONVERSION = YES;
				CLANG_WARN_COMMA = YES;
				CLANG_WARN_CONSTANT_CONVERSION = YES;
				CLANG_WARN_DEPRECATED_OBJC_IMPLEMENTATIONS = YES;
				CLANG_WARN_DIRECT_OBJC_ISA_USAGE = YES_ERROR;
				CLANG_WARN_DOCUMENTATION_COMMENTS = YES;
				CLANG_WARN_EMPTY_BODY = YES;
				CLANG_WARN_ENUM_CONVERSION = YES;
				CLANG_WARN_INFINITE_RECURSION = YES;
				CLANG_WARN_INT_CONVERSION = YES;
				CLANG_WARN_NON_LITERAL_NULL_CONVERSION = YES;
				CLANG_WARN_OBJC_IMPLICIT_RETAIN_SELF = YES;
				CLANG_WARN_OBJC_LITERAL_CONVERSION = YES;
				CLANG_WARN_OBJC_ROOT_CLASS = YES_ERROR;
				CLANG_WARN_QUOTED_INCLUDE_IN_FRAMEWORK_HEADER = YES;
				CLANG_WARN_RANGE_LOOP_ANALYSIS = YES;
				CLANG_WARN_STRICT_PROTOTYPES = YES;
				CLANG_WARN_SUSPICIOUS_MOVE = YES;
				CLANG_WARN_UNGUARDED_AVAILABILITY = YES_AGGRESSIVE;
				CLANG_WARN_UNREACHABLE_CODE = YES;
				CLANG_WARN__DUPLICATE_METHOD_MATCH = YES;
				COPY_PHASE_STRIP = NO;
				DEBUG_INFORMATION_FORMAT = "dwarf-with-dsym";
				ENABLE_NS_ASSERTIONS = NO;
				ENABLE_STRICT_OBJC_MSGSEND = YES;
				GCC_C_LANGUAGE_STANDARD = gnu11;
				GCC_NO_COMMON_BLOCKS = YES;
				GCC_WARN_64_TO_32_BIT_CONVERSION = YES;
				GCC_WARN_ABOUT_RETURN_TYPE = YES_ERROR;
				GCC_WARN_UNDECLARED_SELECTOR = YES;
				GCC_WARN_UNINITIALIZED_AUTOS = YES_AGGRESSIVE;
				GCC_WARN_UNUSED_FUNCTION = YES;
				GCC_WARN_UNUSED_VARIABLE = YES;
				IPHONEOS_DEPLOYMENT_TARGET = 15.0;
				MTL_ENABLE_DEBUG_INFO = NO;
				MTL_FAST_MATH = YES;
				SDKROOT = iphoneos;
				SWIFT_COMPILATION_MODE = wholemodule;
				SWIFT_OPTIMIZATION_LEVEL = "-O";
				VALIDATE_PRODUCT = YES;
			};
			name = Release;
		};
		63E30A21273688610094C222 /* Debug */ = {
			isa = XCBuildConfiguration;
			buildSettings = {
				ASSETCATALOG_COMPILER_APPICON_NAME = AppIcon;
				ASSETCATALOG_COMPILER_GLOBAL_ACCENT_COLOR_NAME = AccentColor;
				CODE_SIGN_STYLE = Automatic;
				CURRENT_PROJECT_VERSION = 1;
				DEVELOPMENT_ASSET_PATHS = "\"LandMarks/Preview Content\"";
				DEVELOPMENT_TEAM = YZD7BZY478;
				ENABLE_PREVIEWS = YES;
				GENERATE_INFOPLIST_FILE = YES;
				INFOPLIST_KEY_UIApplicationSceneManifest_Generation = YES;
				INFOPLIST_KEY_UIApplicationSupportsIndirectInputEvents = YES;
				INFOPLIST_KEY_UILaunchScreen_Generation = YES;
				INFOPLIST_KEY_UISupportedInterfaceOrientations_iPad = "UIInterfaceOrientationPortrait UIInterfaceOrientationPortraitUpsideDown UIInterfaceOrientationLandscapeLeft UIInterfaceOrientationLandscapeRight";
				INFOPLIST_KEY_UISupportedInterfaceOrientations_iPhone = "UIInterfaceOrientationPortrait UIInterfaceOrientationLandscapeLeft UIInterfaceOrientationLandscapeRight";
				LD_RUNPATH_SEARCH_PATHS = (
					"$(inherited)",
					"@executable_path/Frameworks",
				);
				MARKETING_VERSION = 1.0;
				PRODUCT_BUNDLE_IDENTIFIER = Chikibamboni.LandMarks;
				PRODUCT_NAME = "$(TARGET_NAME)";
				SWIFT_EMIT_LOC_STRINGS = YES;
				SWIFT_VERSION = 5.0;
				TARGETED_DEVICE_FAMILY = "1,2";
			};
			name = Debug;
		};
		63E30A22273688610094C222 /* Release */ = {
			isa = XCBuildConfiguration;
			buildSettings = {
				ASSETCATALOG_COMPILER_APPICON_NAME = AppIcon;
				ASSETCATALOG_COMPILER_GLOBAL_ACCENT_COLOR_NAME = AccentColor;
				CODE_SIGN_STYLE = Automatic;
				CURRENT_PROJECT_VERSION = 1;
				DEVELOPMENT_ASSET_PATHS = "\"LandMarks/Preview Content\"";
				DEVELOPMENT_TEAM = YZD7BZY478;
				ENABLE_PREVIEWS = YES;
				GENERATE_INFOPLIST_FILE = YES;
				INFOPLIST_KEY_UIApplicationSceneManifest_Generation = YES;
				INFOPLIST_KEY_UIApplicationSupportsIndirectInputEvents = YES;
				INFOPLIST_KEY_UILaunchScreen_Generation = YES;
				INFOPLIST_KEY_UISupportedInterfaceOrientations_iPad = "UIInterfaceOrientationPortrait UIInterfaceOrientationPortraitUpsideDown UIInterfaceOrientationLandscapeLeft UIInterfaceOrientationLandscapeRight";
				INFOPLIST_KEY_UISupportedInterfaceOrientations_iPhone = "UIInterfaceOrientationPortrait UIInterfaceOrientationLandscapeLeft UIInterfaceOrientationLandscapeRight";
				LD_RUNPATH_SEARCH_PATHS = (
					"$(inherited)",
					"@executable_path/Frameworks",
				);
				MARKETING_VERSION = 1.0;
				PRODUCT_BUNDLE_IDENTIFIER = Chikibamboni.LandMarks;
				PRODUCT_NAME = "$(TARGET_NAME)";
				SWIFT_EMIT_LOC_STRINGS = YES;
				SWIFT_VERSION = 5.0;
				TARGETED_DEVICE_FAMILY = "1,2";
			};
			name = Release;
		};
/* End XCBuildConfiguration section */

/* Begin XCConfigurationList section */
		63E30A0D2736885F0094C222 /* Build configuration list for PBXProject "LandMarks" */ = {
			isa = XCConfigurationList;
			buildConfigurations = (
				63E30A1E273688610094C222 /* Debug */,
				63E30A1F273688610094C222 /* Release */,
			);
			defaultConfigurationIsVisible = 0;
			defaultConfigurationName = Release;
		};
		63E30A20273688610094C222 /* Build configuration list for PBXNativeTarget "LandMarks" */ = {
			isa = XCConfigurationList;
			buildConfigurations = (
				63E30A21273688610094C222 /* Debug */,
				63E30A22273688610094C222 /* Release */,
			);
			defaultConfigurationIsVisible = 0;
			defaultConfigurationName = Release;
		};
/* End XCConfigurationList section */
	};
	rootObject = 63E30A0A2736885F0094C222 /* Project object */;
}
